
Microsoft Visual Studio Solution File, Format Version 12.00
# Visual Studio Version 16
VisualStudioVersion = 16.0.30717.126
MinimumVisualStudioVersion = 10.0.40219.1
Project("{9A19103F-16F7-4668-BE54-9A1E7A4F7556}") = "ExpandersInListView@3.1.3", "ExpandersInListView@3.1.3\ExpandersInListView@3.1.3.csproj", "{8250945B-A407-4C9F-A8C8-1D506668829B}"
EndProject
Project("{FAE04EC0-301F-11D3-BF4B-00C04F79EFBC}") = "ExpandersInListView@3.2.0", "ExpandersInListView@3.2.0\ExpandersInListView@3.2.0.csproj", "{B16D403C-FF80-460E-B2FB-88F1A57E5DFA}"
EndProject
Global
	GlobalSection(SolutionConfigurationPlatforms) = preSolution
		Debug|Any CPU = Debug|Any CPU
		Release|Any CPU = Release|Any CPU
	EndGlobalSection
	GlobalSection(ProjectConfigurationPlatforms) = postSolution
		{8250945B-A407-4C9F-A8C8-1D506668829B}.Debug|Any CPU.ActiveCfg = Debug|Any CPU
		{8250945B-A407-4C9F-A8C8-1D506668829B}.Debug|Any CPU.Build.0 = Debug|Any CPU
		{8250945B-A407-4C9F-A8C8-1D506668829B}.Release|Any CPU.ActiveCfg = Release|Any CPU
		{8250945B-A407-4C9F-A8C8-1D506668829B}.Release|Any CPU.Build.0 = Release|Any CPU
		{B16D403C-FF80-460E-B2FB-88F1A57E5DFA}.Debug|Any CPU.ActiveCfg = Debug|Any CPU
		{B16D403C-FF80-460E-B2FB-88F1A57E5DFA}.Debug|Any CPU.Build.0 = Debug|Any CPU
		{B16D403C-FF80-460E-B2FB-88F1A57E5DFA}.Release|Any CPU.ActiveCfg = Release|Any CPU
		{B16D403C-FF80-460E-B2FB-88F1A57E5DFA}.Release|Any CPU.Build.0 = Release|Any CPU
	EndGlobalSection
	GlobalSection(SolutionProperties) = preSolution
		HideSolutionNode = FALSE
	EndGlobalSection
	GlobalSection(ExtensibilityGlobals) = postSolution
		SolutionGuid = {0D9126C8-EFFC-44CA-B164-18E191015198}
	EndGlobalSection
EndGlobal
